
Microsoft Visual Studio Solution File, Format Version 12.00
# Visual Studio Version 16
VisualStudioVersion = 16.0.31025.194
MinimumVisualStudioVersion = 10.0.40219.1
Project("{FAE04EC0-301F-11D3-BF4B-00C04F79EFBC}") = "ConnectedEnvironment", "ConnectedEnvironment\ConnectedEnvironment.csproj", "{26758425-7431-4561-81C3-CF62910DEB50}"
EndProject
Global
	GlobalSection(SolutionConfigurationPlatforms) = preSolution
		Debug|Any CPU = Debug|Any CPU
		Release|Any CPU = Release|Any CPU
	EndGlobalSection
	GlobalSection(ProjectConfigurationPlatforms) = postSolution
		{26758425-7431-4561-81C3-CF62910DEB50}.Debug|Any CPU.ActiveCfg = Debug|Any CPU
		{26758425-7431-4561-81C3-CF62910DEB50}.Debug|Any CPU.Build.0 = Debug|Any CPU
		{26758425-7431-4561-81C3-CF62910DEB50}.Release|Any CPU.ActiveCfg = Release|Any CPU
		{26758425-7431-4561-81C3-CF62910DEB50}.Release|Any CPU.Build.0 = Release|Any CPU
	EndGlobalSection
	GlobalSection(SolutionProperties) = preSolution
		HideSolutionNode = FALSE
	EndGlobalSection
	GlobalSection(ExtensibilityGlobals) = postSolution
		SolutionGuid = {7C2543B0-9C89-4C62-8409-E74243B6B6AC}
	EndGlobalSection
EndGlobal
